{
  "nodes": {
    "nixSource": {
      "flake": false,
      "locked": {
        "lastModified": 1777915382,
        "narHash": "sha256-b7fhCXxl9qKTNPQvG8T/+nOxB95kalt9/aSY+ZSRctk=",
        "owner": "NixOS",
        "repo": "nix",
        "rev": "cc38c0c5ca55d533c5fb3e944305ca9926d32181",
        "type": "github"
      },
      "original": {
        "owner": "NixOS",
        "ref": "2.31.5",
        "repo": "nix",
        "type": "github"
      }
    },
    "nixpkgs": {
      "locked": {
        "lastModified": 1778430510,
        "narHash": "sha256-Ti+ZBvW6yrWWAg2szExVTwCd4qOJ3KlVr1tFHfyfi8Q=",
        "owner": "NixOS",
        "repo": "nixpkgs",
        "rev": "8fd9daa3db09ced9700431c5b7ad0e8ba199b575",
        "type": "github"
      },
      "original": {
        "owner": "NixOS",
        "ref": "nixos-25.11",
        "repo": "nixpkgs",
        "type": "github"
      }
    },
    "root": {
      "inputs": {
        "nixSource": "nixSource",
        "nixpkgs": "nixpkgs"
      }
    }
  },
  "root": "root",
  "version": 7
}
